
Microsoft Visual Studio Solution File, Format Version 12.00
# Visual Studio Version 16
VisualStudioVersion = 16.0.31501.217
MinimumVisualStudioVersion = 10.0.40219.1
Project("{FAE04EC0-301F-11D3-BF4B-00C04F79EFBC}") = "mantis-tests", "mantis-tests\mantis-tests.csproj", "{B0DAED5A-2B06-4597-B762-A8D3F5754332}"
EndProject
Global
	GlobalSection(SolutionConfigurationPlatforms) = preSolution
		Debug|Any CPU = Debug|Any CPU
		Release|Any CPU = Release|Any CPU
	EndGlobalSection
	GlobalSection(ProjectConfigurationPlatforms) = postSolution
		{B0DAED5A-2B06-4597-B762-A8D3F5754332}.Debug|Any CPU.ActiveCfg = Debug|Any CPU
		{B0DAED5A-2B06-4597-B762-A8D3F5754332}.Debug|Any CPU.Build.0 = Debug|Any CPU
		{B0DAED5A-2B06-4597-B762-A8D3F5754332}.Release|Any CPU.ActiveCfg = Release|Any CPU
		{B0DAED5A-2B06-4597-B762-A8D3F5754332}.Release|Any CPU.Build.0 = Release|Any CPU
	EndGlobalSection
	GlobalSection(SolutionProperties) = preSolution
		HideSolutionNode = FALSE
	EndGlobalSection
	GlobalSection(ExtensibilityGlobals) = postSolution
		SolutionGuid = {D1E8B624-D99F-4311-88CE-AF2CD432CC23}
	EndGlobalSection
EndGlobal
