
Microsoft Visual Studio Solution File, Format Version 12.00
# Visual Studio Version 16
VisualStudioVersion = 16.0.31501.217
MinimumVisualStudioVersion = 10.0.40219.1
Project("{FAE04EC0-301F-11D3-BF4B-00C04F79EFBC}") = "addressbook_tests_autoit", "addressbook_tests_autoit\addressbook_tests_autoit.csproj", "{17CE0DB4-99C0-4144-BDB7-01319CC09310}"
EndProject
Global
	GlobalSection(SolutionConfigurationPlatforms) = preSolution
		Debug|Any CPU = Debug|Any CPU
		Release|Any CPU = Release|Any CPU
	EndGlobalSection
	GlobalSection(ProjectConfigurationPlatforms) = postSolution
		{17CE0DB4-99C0-4144-BDB7-01319CC09310}.Debug|Any CPU.ActiveCfg = Debug|Any CPU
		{17CE0DB4-99C0-4144-BDB7-01319CC09310}.Debug|Any CPU.Build.0 = Debug|Any CPU
		{17CE0DB4-99C0-4144-BDB7-01319CC09310}.Release|Any CPU.ActiveCfg = Release|Any CPU
		{17CE0DB4-99C0-4144-BDB7-01319CC09310}.Release|Any CPU.Build.0 = Release|Any CPU
	EndGlobalSection
	GlobalSection(SolutionProperties) = preSolution
		HideSolutionNode = FALSE
	EndGlobalSection
	GlobalSection(ExtensibilityGlobals) = postSolution
		SolutionGuid = {55C7CC0E-ABD7-41E5-8F4D-55E0B68ACC36}
	EndGlobalSection
EndGlobal
